// !$*UTF8*$!
{
	archiveVersion = 1;
	classes = {
	};
	objectVersion = 56;
	objects = {

/* Begin PBXBuildFile section */
		D1C9D04D2E3F4F7400327A75 /* AppDelegate.swift in Sources */ = {isa = PBXBuildFile; fileRef = D1C9D04C2E3F4F7400327A75 /* AppDelegate.swift */; };
		D1C9D04F2E3F4F7400327A75 /* SceneDelegate.swift in Sources */ = {isa = PBXBuildFile; fileRef = D1C9D04E2E3F4F7400327A75 /* SceneDelegate.swift */; };
		D1C9D0542E3F4F7400327A75 /* Main.storyboard in Resources */ = {isa = PBXBuildFile; fileRef = D1C9D0522E3F4F7400327A75 /* Main.storyboard */; };
		D1C9D0562E3F4F7500327A75 /* Assets.xcassets in Resources */ = {isa = PBXBuildFile; fileRef = D1C9D0552E3F4F7500327A75 /* Assets.xcassets */; };
		D1C9D0592E3F4F7500327A75 /* LaunchScreen.storyboard in Resources */ = {isa = PBXBuildFile; fileRef = D1C9D0572E3F4F7500327A75 /* LaunchScreen.storyboard */; };
		D1C9D0642E3F4F7600327A75 /* RealTimeSportsOddsAppTests.swift in Sources */ = {isa = PBXBuildFile; fileRef = D1C9D0632E3F4F7600327A75 /* RealTimeSportsOddsAppTests.swift */; };
		D1C9D06E2E3F4F7600327A75 /* RealTimeSportsOddsAppUITests.swift in Sources */ = {isa = PBXBuildFile; fileRef = D1C9D06D2E3F4F7600327A75 /* RealTimeSportsOddsAppUITests.swift */; };
		D1C9D0702E3F4F7600327A75 /* RealTimeSportsOddsAppUITestsLaunchTests.swift in Sources */ = {isa = PBXBuildFile; fileRef = D1C9D06F2E3F4F7600327A75 /* RealTimeSportsOddsAppUITestsLaunchTests.swift */; };
		D1C9D0802E3F4FC600327A75 /* Match.swift in Sources */ = {isa = PBXBuildFile; fileRef = D1C9D07F2E3F4FC600327A75 /* Match.swift */; };
		D1C9D0812E3F4FC600327A75 /* Match.swift in Sources */ = {isa = PBXBuildFile; fileRef = D1C9D07F2E3F4FC600327A75 /* Match.swift */; };
		D1C9D0832E3F4FDB00327A75 /* Odds.swift in Sources */ = {isa = PBXBuildFile; fileRef = D1C9D0822E3F4FDB00327A75 /* Odds.swift */; };
		D1C9D0842E3F4FDB00327A75 /* Odds.swift in Sources */ = {isa = PBXBuildFile; fileRef = D1C9D0822E3F4FDB00327A75 /* Odds.swift */; };
		D1C9D0862E3F501700327A75 /* MatchWithOdds.swift in Sources */ = {isa = PBXBuildFile; fileRef = D1C9D0852E3F501700327A75 /* MatchWithOdds.swift */; };
		D1C9D0872E3F501700327A75 /* MatchWithOdds.swift in Sources */ = {isa = PBXBuildFile; fileRef = D1C9D0852E3F501700327A75 /* MatchWithOdds.swift */; };
		D1C9D0892E3F50B100327A75 /* MatchRepositoryProtocol.swift in Sources */ = {isa = PBXBuildFile; fileRef = D1C9D0882E3F50B100327A75 /* MatchRepositoryProtocol.swift */; };
		D1C9D08A2E3F50B100327A75 /* MatchRepositoryProtocol.swift in Sources */ = {isa = PBXBuildFile; fileRef = D1C9D0882E3F50B100327A75 /* MatchRepositoryProtocol.swift */; };
		D1C9D08D2E3F50CB00327A75 /* GetMatchesUseCaseProtocol.swift in Sources */ = {isa = PBXBuildFile; fileRef = D1C9D08C2E3F50CB00327A75 /* GetMatchesUseCaseProtocol.swift */; };
		D1C9D08E2E3F50CB00327A75 /* GetMatchesUseCaseProtocol.swift in Sources */ = {isa = PBXBuildFile; fileRef = D1C9D08C2E3F50CB00327A75 /* GetMatchesUseCaseProtocol.swift */; };
		D1C9D0912E3F50F100327A75 /* GetOddsUseCaseProtocol.swift in Sources */ = {isa = PBXBuildFile; fileRef = D1C9D0902E3F50F100327A75 /* GetOddsUseCaseProtocol.swift */; };
		D1C9D0922E3F50F100327A75 /* GetOddsUseCaseProtocol.swift in Sources */ = {isa = PBXBuildFile; fileRef = D1C9D0902E3F50F100327A75 /* GetOddsUseCaseProtocol.swift */; };
		D1C9D0972E3F51CE00327A75 /* GetMatchesUseCase.swift in Sources */ = {isa = PBXBuildFile; fileRef = D1C9D0962E3F51CE00327A75 /* GetMatchesUseCase.swift */; };
		D1C9D0982E3F51CE00327A75 /* GetMatchesUseCase.swift in Sources */ = {isa = PBXBuildFile; fileRef = D1C9D0962E3F51CE00327A75 /* GetMatchesUseCase.swift */; };
		D1C9D09C2E3F520400327A75 /* GetOddsUseCase.swift in Sources */ = {isa = PBXBuildFile; fileRef = D1C9D09B2E3F520400327A75 /* GetOddsUseCase.swift */; };
		D1C9D09D2E3F520400327A75 /* GetOddsUseCase.swift in Sources */ = {isa = PBXBuildFile; fileRef = D1C9D09B2E3F520400327A75 /* GetOddsUseCase.swift */; };
		D1C9D0A32E3F529C00327A75 /* MatchRepository.swift in Sources */ = {isa = PBXBuildFile; fileRef = D1C9D0A22E3F529C00327A75 /* MatchRepository.swift */; };
		D1C9D0A42E3F529C00327A75 /* MatchRepository.swift in Sources */ = {isa = PBXBuildFile; fileRef = D1C9D0A22E3F529C00327A75 /* MatchRepository.swift */; };
		D1C9D0A82E3F52D100327A75 /* MatchDataSourceProtocol.swift in Sources */ = {isa = PBXBuildFile; fileRef = D1C9D0A72E3F52D100327A75 /* MatchDataSourceProtocol.swift */; };
		D1C9D0A92E3F52D100327A75 /* MatchDataSourceProtocol.swift in Sources */ = {isa = PBXBuildFile; fileRef = D1C9D0A72E3F52D100327A75 /* MatchDataSourceProtocol.swift */; };
		D1C9D0AD2E3F535E00327A75 /* WebSocketDataSource.swift in Sources */ = {isa = PBXBuildFile; fileRef = D1C9D0AC2E3F535E00327A75 /* WebSocketDataSource.swift */; };
		D1C9D0AE2E3F535E00327A75 /* WebSocketDataSource.swift in Sources */ = {isa = PBXBuildFile; fileRef = D1C9D0AC2E3F535E00327A75 /* WebSocketDataSource.swift */; };
		D1C9D0B02E3F54B300327A75 /* CacheServiceProtocol.swift in Sources */ = {isa = PBXBuildFile; fileRef = D1C9D0AF2E3F54B300327A75 /* CacheServiceProtocol.swift */; };
		D1C9D0B12E3F54B300327A75 /* CacheServiceProtocol.swift in Sources */ = {isa = PBXBuildFile; fileRef = D1C9D0AF2E3F54B300327A75 /* CacheServiceProtocol.swift */; };
		D1C9D0B32E3F55BB00327A75 /* MockData.swift in Sources */ = {isa = PBXBuildFile; fileRef = D1C9D0B22E3F55BB00327A75 /* MockData.swift */; };
		D1C9D0B42E3F55BB00327A75 /* MockData.swift in Sources */ = {isa = PBXBuildFile; fileRef = D1C9D0B22E3F55BB00327A75 /* MockData.swift */; };
		D1C9D0B62E3F572200327A75 /* CacheService.swift in Sources */ = {isa = PBXBuildFile; fileRef = D1C9D0B52E3F572200327A75 /* CacheService.swift */; };
		D1C9D0B72E3F572200327A75 /* CacheService.swift in Sources */ = {isa = PBXBuildFile; fileRef = D1C9D0B52E3F572200327A75 /* CacheService.swift */; };
		D1C9D0BD2E40AD4A00327A75 /* MockMatchDataSourceTests.swift in Sources */ = {isa = PBXBuildFile; fileRef = D1C9D0BB2E40AD4A00327A75 /* MockMatchDataSourceTests.swift */; };
		D1C9D0BF2E40AF6E00327A75 /* CacheServiceTests.swift in Sources */ = {isa = PBXBuildFile; fileRef = D1C9D0BE2E40AF6E00327A75 /* CacheServiceTests.swift */; };
		D1C9D0C42E40B05900327A75 /* MatchRepositoryTests.swift in Sources */ = {isa = PBXBuildFile; fileRef = D1C9D0C32E40B05900327A75 /* MatchRepositoryTests.swift */; };
		D1C9D0C92E40B1BD00327A75 /* GetMatchesUseCaseTests.swift in Sources */ = {isa = PBXBuildFile; fileRef = D1C9D0C82E40B1BD00327A75 /* GetMatchesUseCaseTests.swift */; };
		D1C9D0CC2E40B26F00327A75 /* GetOddsUseCaseTests.swift in Sources */ = {isa = PBXBuildFile; fileRef = D1C9D0CB2E40B26F00327A75 /* GetOddsUseCaseTests.swift */; };
		D1C9D0D12E40EC7E00327A75 /* MatchListViewModel.swift in Sources */ = {isa = PBXBuildFile; fileRef = D1C9D0D02E40EC7E00327A75 /* MatchListViewModel.swift */; };
		D1C9D0D32E42479000327A75 /* MatchCell.swift in Sources */ = {isa = PBXBuildFile; fileRef = D1C9D0D22E42479000327A75 /* MatchCell.swift */; };
		D1C9D0D52E4247C600327A75 /* MatchListViewController.swift in Sources */ = {isa = PBXBuildFile; fileRef = D1C9D0D42E4247C600327A75 /* MatchListViewController.swift */; };
		D1C9D0EC2E43A02700327A75 /* PerformanceMetrics.swift in Sources */ = {isa = PBXBuildFile; fileRef = D1C9D0EB2E43A02700327A75 /* PerformanceMetrics.swift */; };
		D1C9D0EE2E43A04600327A75 /* FPSMonitor.swift in Sources */ = {isa = PBXBuildFile; fileRef = D1C9D0ED2E43A04600327A75 /* FPSMonitor.swift */; };
		D1C9D0F12E43A30400327A75 /* BatchUpdateUseCaseProtocol.swift in Sources */ = {isa = PBXBuildFile; fileRef = D1C9D0F02E43A30400327A75 /* BatchUpdateUseCaseProtocol.swift */; };
		D1C9D0F32E43A31F00327A75 /* BatchUpdateUseCase.swift in Sources */ = {isa = PBXBuildFile; fileRef = D1C9D0F22E43A31F00327A75 /* BatchUpdateUseCase.swift */; };
		D1C9D0FE2E4422A300327A75 /* BatchUpdateUseCaseTests.swift in Sources */ = {isa = PBXBuildFile; fileRef = D1C9D0FD2E4422A300327A75 /* BatchUpdateUseCaseTests.swift */; };
		D1DFAC372E442C7700598C78 /* BatchUpdateUseCase.swift in Sources */ = {isa = PBXBuildFile; fileRef = D1C9D0F22E43A31F00327A75 /* BatchUpdateUseCase.swift */; };
		D1DFAC382E442C8A00598C78 /* BatchUpdateUseCaseProtocol.swift in Sources */ = {isa = PBXBuildFile; fileRef = D1C9D0F02E43A30400327A75 /* BatchUpdateUseCaseProtocol.swift */; };
/* End PBXBuildFile section */

/* Begin PBXContainerItemProxy section */
		D1C9D0602E3F4F7600327A75 /* PBXContainerItemProxy */ = {
			isa = PBXContainerItemProxy;
			containerPortal = D1C9D0412E3F4F7400327A75 /* Project object */;
			proxyType = 1;
			remoteGlobalIDString = D1C9D0482E3F4F7400327A75;
			remoteInfo = RealTimeSportsOddsApp;
		};
		D1C9D06A2E3F4F7600327A75 /* PBXContainerItemProxy */ = {
			isa = PBXContainerItemProxy;
			containerPortal = D1C9D0412E3F4F7400327A75 /* Project object */;
			proxyType = 1;
			remoteGlobalIDString = D1C9D0482E3F4F7400327A75;
			remoteInfo = RealTimeSportsOddsApp;
		};
/* End PBXContainerItemProxy section */

/* Begin PBXFileReference section */
		D1C9D0492E3F4F7400327A75 /* RealTimeSportsOddsApp.app */ = {isa = PBXFileReference; explicitFileType = wrapper.application; includeInIndex = 0; path = RealTimeSportsOddsApp.app; sourceTree = BUILT_PRODUCTS_DIR; };
		D1C9D04C2E3F4F7400327A75 /* AppDelegate.swift */ = {isa = PBXFileReference; lastKnownFileType = sourcecode.swift; path = AppDelegate.swift; sourceTree = "<group>"; };
		D1C9D04E2E3F4F7400327A75 /* SceneDelegate.swift */ = {isa = PBXFileReference; lastKnownFileType = sourcecode.swift; path = SceneDelegate.swift; sourceTree = "<group>"; };
		D1C9D0532E3F4F7400327A75 /* Base */ = {isa = PBXFileReference; lastKnownFileType = file.storyboard; name = Base; path = Base.lproj/Main.storyboard; sourceTree = "<group>"; };
		D1C9D0552E3F4F7500327A75 /* Assets.xcassets */ = {isa = PBXFileReference; lastKnownFileType = folder.assetcatalog; path = Assets.xcassets; sourceTree = "<group>"; };
		D1C9D0582E3F4F7500327A75 /* Base */ = {isa = PBXFileReference; lastKnownFileType = file.storyboard; name = Base; path = Base.lproj/LaunchScreen.storyboard; sourceTree = "<group>"; };
		D1C9D05A2E3F4F7500327A75 /* Info.plist */ = {isa = PBXFileReference; lastKnownFileType = text.plist.xml; path = Info.plist; sourceTree = "<group>"; };
		D1C9D05F2E3F4F7600327A75 /* RealTimeSportsOddsAppTests.xctest */ = {isa = PBXFileReference; explicitFileType = wrapper.cfbundle; includeInIndex = 0; path = RealTimeSportsOddsAppTests.xctest; sourceTree = BUILT_PRODUCTS_DIR; };
		D1C9D0632E3F4F7600327A75 /* RealTimeSportsOddsAppTests.swift */ = {isa = PBXFileReference; lastKnownFileType = sourcecode.swift; path = RealTimeSportsOddsAppTests.swift; sourceTree = "<group>"; };
		D1C9D0692E3F4F7600327A75 /* RealTimeSportsOddsAppUITests.xctest */ = {isa = PBXFileReference; explicitFileType = wrapper.cfbundle; includeInIndex = 0; path = RealTimeSportsOddsAppUITests.xctest; sourceTree = BUILT_PRODUCTS_DIR; };
		D1C9D06D2E3F4F7600327A75 /* RealTimeSportsOddsAppUITests.swift */ = {isa = PBXFileReference; lastKnownFileType = sourcecode.swift; path = RealTimeSportsOddsAppUITests.swift; sourceTree = "<group>"; };
		D1C9D06F2E3F4F7600327A75 /* RealTimeSportsOddsAppUITestsLaunchTests.swift */ = {isa = PBXFileReference; lastKnownFileType = sourcecode.swift; path = RealTimeSportsOddsAppUITestsLaunchTests.swift; sourceTree = "<group>"; };
		D1C9D07F2E3F4FC600327A75 /* Match.swift */ = {isa = PBXFileReference; lastKnownFileType = sourcecode.swift; path = Match.swift; sourceTree = "<group>"; };
		D1C9D0822E3F4FDB00327A75 /* Odds.swift */ = {isa = PBXFileReference; lastKnownFileType = sourcecode.swift; path = Odds.swift; sourceTree = "<group>"; };
		D1C9D0852E3F501700327A75 /* MatchWithOdds.swift */ = {isa = PBXFileReference; lastKnownFileType = sourcecode.swift; path = MatchWithOdds.swift; sourceTree = "<group>"; };
		D1C9D0882E3F50B100327A75 /* MatchRepositoryProtocol.swift */ = {isa = PBXFileReference; lastKnownFileType = sourcecode.swift; path = MatchRepositoryProtocol.swift; sourceTree = "<group>"; };
		D1C9D08C2E3F50CB00327A75 /* GetMatchesUseCaseProtocol.swift */ = {isa = PBXFileReference; lastKnownFileType = sourcecode.swift; path = GetMatchesUseCaseProtocol.swift; sourceTree = "<group>"; };
		D1C9D0902E3F50F100327A75 /* GetOddsUseCaseProtocol.swift */ = {isa = PBXFileReference; lastKnownFileType = sourcecode.swift; path = GetOddsUseCaseProtocol.swift; sourceTree = "<group>"; };
		D1C9D0962E3F51CE00327A75 /* GetMatchesUseCase.swift */ = {isa = PBXFileReference; lastKnownFileType = sourcecode.swift; path = GetMatchesUseCase.swift; sourceTree = "<group>"; };
		D1C9D09B2E3F520400327A75 /* GetOddsUseCase.swift */ = {isa = PBXFileReference; lastKnownFileType = sourcecode.swift; path = GetOddsUseCase.swift; sourceTree = "<group>"; };
		D1C9D0A22E3F529C00327A75 /* MatchRepository.swift */ = {isa = PBXFileReference; lastKnownFileType = sourcecode.swift; path = MatchRepository.swift; sourceTree = "<group>"; };
		D1C9D0A72E3F52D100327A75 /* MatchDataSourceProtocol.swift */ = {isa = PBXFileReference; lastKnownFileType = sourcecode.swift; path = MatchDataSourceProtocol.swift; sourceTree = "<group>"; };
		D1C9D0AC2E3F535E00327A75 /* WebSocketDataSource.swift */ = {isa = PBXFileReference; lastKnownFileType = sourcecode.swift; path = WebSocketDataSource.swift; sourceTree = "<group>"; };
		D1C9D0AF2E3F54B300327A75 /* CacheServiceProtocol.swift */ = {isa = PBXFileReference; lastKnownFileType = sourcecode.swift; path = CacheServiceProtocol.swift; sourceTree = "<group>"; };
		D1C9D0B22E3F55BB00327A75 /* MockData.swift */ = {isa = PBXFileReference; lastKnownFileType = sourcecode.swift; path = MockData.swift; sourceTree = "<group>"; };
		D1C9D0B52E3F572200327A75 /* CacheService.swift */ = {isa = PBXFileReference; lastKnownFileType = sourcecode.swift; path = CacheService.swift; sourceTree = "<group>"; };
		D1C9D0BB2E40AD4A00327A75 /* MockMatchDataSourceTests.swift */ = {isa = PBXFileReference; lastKnownFileType = sourcecode.swift; path = MockMatchDataSourceTests.swift; sourceTree = "<group>"; };
		D1C9D0BE2E40AF6E00327A75 /* CacheServiceTests.swift */ = {isa = PBXFileReference; lastKnownFileType = sourcecode.swift; path = CacheServiceTests.swift; sourceTree = "<group>"; };
		D1C9D0C32E40B05900327A75 /* MatchRepositoryTests.swift */ = {isa = PBXFileReference; lastKnownFileType = sourcecode.swift; path = MatchRepositoryTests.swift; sourceTree = "<group>"; };
		D1C9D0C82E40B1BD00327A75 /* GetMatchesUseCaseTests.swift */ = {isa = PBXFileReference; lastKnownFileType = sourcecode.swift; path = GetMatchesUseCaseTests.swift; sourceTree = "<group>"; };
		D1C9D0CB2E40B26F00327A75 /* GetOddsUseCaseTests.swift */ = {isa = PBXFileReference; lastKnownFileType = sourcecode.swift; path = GetOddsUseCaseTests.swift; sourceTree = "<group>"; };
		D1C9D0D02E40EC7E00327A75 /* MatchListViewModel.swift */ = {isa = PBXFileReference; lastKnownFileType = sourcecode.swift; path = MatchListViewModel.swift; sourceTree = "<group>"; };
		D1C9D0D22E42479000327A75 /* MatchCell.swift */ = {isa = PBXFileReference; lastKnownFileType = sourcecode.swift; path = MatchCell.swift; sourceTree = "<group>"; };
		D1C9D0D42E4247C600327A75 /* MatchListViewController.swift */ = {isa = PBXFileReference; lastKnownFileType = sourcecode.swift; path = MatchListViewController.swift; sourceTree = "<group>"; };
		D1C9D0EB2E43A02700327A75 /* PerformanceMetrics.swift */ = {isa = PBXFileReference; lastKnownFileType = sourcecode.swift; path = PerformanceMetrics.swift; sourceTree = "<group>"; };
		D1C9D0ED2E43A04600327A75 /* FPSMonitor.swift */ = {isa = PBXFileReference; lastKnownFileType = sourcecode.swift; path = FPSMonitor.swift; sourceTree = "<group>"; };
		D1C9D0F02E43A30400327A75 /* BatchUpdateUseCaseProtocol.swift */ = {isa = PBXFileReference; lastKnownFileType = sourcecode.swift; path = BatchUpdateUseCaseProtocol.swift; sourceTree = "<group>"; };
		D1C9D0F22E43A31F00327A75 /* BatchUpdateUseCase.swift */ = {isa = PBXFileReference; lastKnownFileType = sourcecode.swift; path = BatchUpdateUseCase.swift; sourceTree = "<group>"; };
		D1C9D0FD2E4422A300327A75 /* BatchUpdateUseCaseTests.swift */ = {isa = PBXFileReference; lastKnownFileType = sourcecode.swift; path = BatchUpdateUseCaseTests.swift; sourceTree = "<group>"; };
/* End PBXFileReference section */

/* Begin PBXFrameworksBuildPhase section */
		D1C9D0462E3F4F7400327A75 /* Frameworks */ = {
			isa = PBXFrameworksBuildPhase;
			buildActionMask = 2147483647;
			files = (
			);
			runOnlyForDeploymentPostprocessing = 0;
		};
		D1C9D05C2E3F4F7600327A75 /* Frameworks */ = {
			isa = PBXFrameworksBuildPhase;
			buildActionMask = 2147483647;
			files = (
			);
			runOnlyForDeploymentPostprocessing = 0;
		};
		D1C9D0662E3F4F7600327A75 /* Frameworks */ = {
			isa = PBXFrameworksBuildPhase;
			buildActionMask = 2147483647;
			files = (
			);
			runOnlyForDeploymentPostprocessing = 0;
		};
/* End PBXFrameworksBuildPhase section */

/* Begin PBXGroup section */
		D1C9D0402E3F4F7400327A75 = {
			isa = PBXGroup;
			children = (
				D1C9D04B2E3F4F7400327A75 /* RealTimeSportsOddsApp */,
				D1C9D0622E3F4F7600327A75 /* RealTimeSportsOddsAppTests */,
				D1C9D06C2E3F4F7600327A75 /* RealTimeSportsOddsAppUITests */,
				D1C9D04A2E3F4F7400327A75 /* Products */,
			);
			sourceTree = "<group>";
		};
		D1C9D04A2E3F4F7400327A75 /* Products */ = {
			isa = PBXGroup;
			children = (
				D1C9D0492E3F4F7400327A75 /* RealTimeSportsOddsApp.app */,
				D1C9D05F2E3F4F7600327A75 /* RealTimeSportsOddsAppTests.xctest */,
				D1C9D0692E3F4F7600327A75 /* RealTimeSportsOddsAppUITests.xctest */,
			);
			name = Products;
			sourceTree = "<group>";
		};
		D1C9D04B2E3F4F7400327A75 /* RealTimeSportsOddsApp */ = {
			isa = PBXGroup;
			children = (
				D1C9D04C2E3F4F7400327A75 /* AppDelegate.swift */,
				D1C9D04E2E3F4F7400327A75 /* SceneDelegate.swift */,
				D1C9D08F2E3F50D500327A75 /* PresenterLayer */,
				D1C9D08B2E3F50BD00327A75 /* DomainLayer */,
				D1C9D07C2E3F4F7B00327A75 /* DataLayer */,
				D1C9D0522E3F4F7400327A75 /* Main.storyboard */,
				D1C9D0552E3F4F7500327A75 /* Assets.xcassets */,
				D1C9D0572E3F4F7500327A75 /* LaunchScreen.storyboard */,
				D1C9D05A2E3F4F7500327A75 /* Info.plist */,
			);
			path = RealTimeSportsOddsApp;
			sourceTree = "<group>";
		};
		D1C9D0622E3F4F7600327A75 /* RealTimeSportsOddsAppTests */ = {
			isa = PBXGroup;
			children = (
				D1C9D0632E3F4F7600327A75 /* RealTimeSportsOddsAppTests.swift */,
				D1C9D0C62E40B15F00327A75 /* DomainLayer */,
				D1C9D0C02E40AFB500327A75 /* DataLayer */,
			);
			path = RealTimeSportsOddsAppTests;
			sourceTree = "<group>";
		};
		D1C9D06C2E3F4F7600327A75 /* RealTimeSportsOddsAppUITests */ = {
			isa = PBXGroup;
			children = (
				D1C9D06D2E3F4F7600327A75 /* RealTimeSportsOddsAppUITests.swift */,
				D1C9D06F2E3F4F7600327A75 /* RealTimeSportsOddsAppUITestsLaunchTests.swift */,
			);
			path = RealTimeSportsOddsAppUITests;
			sourceTree = "<group>";
		};
		D1C9D07C2E3F4F7B00327A75 /* DataLayer */ = {
			isa = PBXGroup;
			children = (
				D1C9D0A52E3F52B200327A75 /* DomainModels */,
				D1C9D0A62E3F52BE00327A75 /* MatchRepository */,
				D1C9D0AA2E3F532400327A75 /* RemoteService */,
				D1C9D0AB2E3F533900327A75 /* LocalCacheService */,
			);
			path = DataLayer;
			sourceTree = "<group>";
		};
		D1C9D08B2E3F50BD00327A75 /* DomainLayer */ = {
			isa = PBXGroup;
			children = (
				D1C9D0EF2E43A2ED00327A75 /* BatchUpdateUseCase */,
				D1C9D0992E3F51E100327A75 /* GetMatchUseCase */,
				D1C9D09A2E3F51EE00327A75 /* GetOddsUseCase */,
			);
			path = DomainLayer;
			sourceTree = "<group>";
		};
		D1C9D08F2E3F50D500327A75 /* PresenterLayer */ = {
			isa = PBXGroup;
			children = (
				D1C9D0D02E40EC7E00327A75 /* MatchListViewModel.swift */,
				D1C9D0D42E4247C600327A75 /* MatchListViewController.swift */,
				D1C9D0D22E42479000327A75 /* MatchCell.swift */,
				D1C9D0FB2E43B06400327A75 /* MonitorService */,
			);
			path = PresenterLayer;
			sourceTree = "<group>";
		};
		D1C9D0992E3F51E100327A75 /* GetMatchUseCase */ = {
			isa = PBXGroup;
			children = (
				D1C9D08C2E3F50CB00327A75 /* GetMatchesUseCaseProtocol.swift */,
				D1C9D0962E3F51CE00327A75 /* GetMatchesUseCase.swift */,
			);
			path = GetMatchUseCase;
			sourceTree = "<group>";
		};
		D1C9D09A2E3F51EE00327A75 /* GetOddsUseCase */ = {
			isa = PBXGroup;
			children = (
				D1C9D0902E3F50F100327A75 /* GetOddsUseCaseProtocol.swift */,
				D1C9D09B2E3F520400327A75 /* GetOddsUseCase.swift */,
			);
			path = GetOddsUseCase;
			sourceTree = "<group>";
		};
		D1C9D0A52E3F52B200327A75 /* DomainModels */ = {
			isa = PBXGroup;
			children = (
				D1C9D07F2E3F4FC600327A75 /* Match.swift */,
				D1C9D0822E3F4FDB00327A75 /* Odds.swift */,
				D1C9D0852E3F501700327A75 /* MatchWithOdds.swift */,
			);
			path = DomainModels;
			sourceTree = "<group>";
		};
		D1C9D0A62E3F52BE00327A75 /* MatchRepository */ = {
			isa = PBXGroup;
			children = (
				D1C9D0882E3F50B100327A75 /* MatchRepositoryProtocol.swift */,
				D1C9D0A22E3F529C00327A75 /* MatchRepository.swift */,
			);
			path = MatchRepository;
			sourceTree = "<group>";
		};
		D1C9D0AA2E3F532400327A75 /* RemoteService */ = {
			isa = PBXGroup;
			children = (
				D1C9D0A72E3F52D100327A75 /* MatchDataSourceProtocol.swift */,
				D1C9D0AC2E3F535E00327A75 /* WebSocketDataSource.swift */,
				D1C9D0B22E3F55BB00327A75 /* MockData.swift */,
			);
			path = RemoteService;
			sourceTree = "<group>";
		};
		D1C9D0AB2E3F533900327A75 /* LocalCacheService */ = {
			isa = PBXGroup;
			children = (
				D1C9D0AF2E3F54B300327A75 /* CacheServiceProtocol.swift */,
				D1C9D0B52E3F572200327A75 /* CacheService.swift */,
			);
			path = LocalCacheService;
			sourceTree = "<group>";
		};
		D1C9D0C02E40AFB500327A75 /* DataLayer */ = {
			isa = PBXGroup;
			children = (
				D1C9D0C22E40B04F00327A75 /* Repository */,
				D1C9D0C12E40AFC600327A75 /* Services */,
			);
			path = DataLayer;
			sourceTree = "<group>";
		};
		D1C9D0C12E40AFC600327A75 /* Services */ = {
			isa = PBXGroup;
			children = (
				D1C9D0BB2E40AD4A00327A75 /* MockMatchDataSourceTests.swift */,
				D1C9D0BE2E40AF6E00327A75 /* CacheServiceTests.swift */,
			);
			path = Services;
			sourceTree = "<group>";
		};
		D1C9D0C22E40B04F00327A75 /* Repository */ = {
			isa = PBXGroup;
			children = (
				D1C9D0C32E40B05900327A75 /* MatchRepositoryTests.swift */,
			);
			path = Repository;
			sourceTree = "<group>";
		};
		D1C9D0C62E40B15F00327A75 /* DomainLayer */ = {
			isa = PBXGroup;
			children = (
				D1C9D0FC2E44229400327A75 /* BatchUpdateUseCase */,
				D1C9D0CA2E40B21900327A75 /* GetOddsUseCase */,
				D1C9D0C72E40B16B00327A75 /* GetMatchUseCase */,
			);
			path = DomainLayer;
			sourceTree = "<group>";
		};
		D1C9D0C72E40B16B00327A75 /* GetMatchUseCase */ = {
			isa = PBXGroup;
			children = (
				D1C9D0C82E40B1BD00327A75 /* GetMatchesUseCaseTests.swift */,
			);
			path = GetMatchUseCase;
			sourceTree = "<group>";
		};
		D1C9D0CA2E40B21900327A75 /* GetOddsUseCase */ = {
			isa = PBXGroup;
			children = (
				D1C9D0CB2E40B26F00327A75 /* GetOddsUseCaseTests.swift */,
			);
			path = GetOddsUseCase;
			sourceTree = "<group>";
		};
		D1C9D0EF2E43A2ED00327A75 /* BatchUpdateUseCase */ = {
			isa = PBXGroup;
			children = (
				D1C9D0F02E43A30400327A75 /* BatchUpdateUseCaseProtocol.swift */,
				D1C9D0F22E43A31F00327A75 /* BatchUpdateUseCase.swift */,
			);
			path = BatchUpdateUseCase;
			sourceTree = "<group>";
		};
		D1C9D0FB2E43B06400327A75 /* MonitorService */ = {
			isa = PBXGroup;
			children = (
				D1C9D0EB2E43A02700327A75 /* PerformanceMetrics.swift */,
				D1C9D0ED2E43A04600327A75 /* FPSMonitor.swift */,
			);
			path = MonitorService;
			sourceTree = "<group>";
		};
		D1C9D0FC2E44229400327A75 /* BatchUpdateUseCase */ = {
			isa = PBXGroup;
			children = (
				D1C9D0FD2E4422A300327A75 /* BatchUpdateUseCaseTests.swift */,
			);
			path = BatchUpdateUseCase;
			sourceTree = "<group>";
		};
/* End PBXGroup section */

/* Begin PBXNativeTarget section */
		D1C9D0482E3F4F7400327A75 /* RealTimeSportsOddsApp */ = {
			isa = PBXNativeTarget;
			buildConfigurationList = D1C9D0732E3F4F7600327A75 /* Build configuration list for PBXNativeTarget "RealTimeSportsOddsApp" */;
			buildPhases = (
				D1C9D0452E3F4F7400327A75 /* Sources */,
				D1C9D0462E3F4F7400327A75 /* Frameworks */,
				D1C9D0472E3F4F7400327A75 /* Resources */,
			);
			buildRules = (
			);
			dependencies = (
			);
			name = RealTimeSportsOddsApp;
			productName = RealTimeSportsOddsApp;
			productReference = D1C9D0492E3F4F7400327A75 /* RealTimeSportsOddsApp.app */;
			productType = "com.apple.product-type.application";
		};
		D1C9D05E2E3F4F7600327A75 /* RealTimeSportsOddsAppTests */ = {
			isa = PBXNativeTarget;
			buildConfigurationList = D1C9D0762E3F4F7600327A75 /* Build configuration list for PBXNativeTarget "RealTimeSportsOddsAppTests" */;
			buildPhases = (
				D1C9D05B2E3F4F7600327A75 /* Sources */,
				D1C9D05C2E3F4F7600327A75 /* Frameworks */,
				D1C9D05D2E3F4F7600327A75 /* Resources */,
			);
			buildRules = (
			);
			dependencies = (
				D1C9D0612E3F4F7600327A75 /* PBXTargetDependency */,
			);
			name = RealTimeSportsOddsAppTests;
			productName = RealTimeSportsOddsAppTests;
			productReference = D1C9D05F2E3F4F7600327A75 /* RealTimeSportsOddsAppTests.xctest */;
			productType = "com.apple.product-type.bundle.unit-test";
		};
		D1C9D0682E3F4F7600327A75 /* RealTimeSportsOddsAppUITests */ = {
			isa = PBXNativeTarget;
			buildConfigurationList = D1C9D0792E3F4F7600327A75 /* Build configuration list for PBXNativeTarget "RealTimeSportsOddsAppUITests" */;
			buildPhases = (
				D1C9D0652E3F4F7600327A75 /* Sources */,
				D1C9D0662E3F4F7600327A75 /* Frameworks */,
				D1C9D0672E3F4F7600327A75 /* Resources */,
			);
			buildRules = (
			);
			dependencies = (
				D1C9D06B2E3F4F7600327A75 /* PBXTargetDependency */,
			);
			name = RealTimeSportsOddsAppUITests;
			productName = RealTimeSportsOddsAppUITests;
			productReference = D1C9D0692E3F4F7600327A75 /* RealTimeSportsOddsAppUITests.xctest */;
			productType = "com.apple.product-type.bundle.ui-testing";
		};
/* End PBXNativeTarget section */

/* Begin PBXProject section */
		D1C9D0412E3F4F7400327A75 /* Project object */ = {
			isa = PBXProject;
			attributes = {
				BuildIndependentTargetsInParallel = 1;
				LastSwiftUpdateCheck = 1520;
				LastUpgradeCheck = 1520;
				TargetAttributes = {
					D1C9D0482E3F4F7400327A75 = {
						CreatedOnToolsVersion = 15.2;
					};
					D1C9D05E2E3F4F7600327A75 = {
						CreatedOnToolsVersion = 15.2;
						TestTargetID = D1C9D0482E3F4F7400327A75;
					};
					D1C9D0682E3F4F7600327A75 = {
						CreatedOnToolsVersion = 15.2;
						TestTargetID = D1C9D0482E3F4F7400327A75;
					};
				};
			};
			buildConfigurationList = D1C9D0442E3F4F7400327A75 /* Build configuration list for PBXProject "RealTimeSportsOddsApp" */;
			compatibilityVersion = "Xcode 14.0";
			developmentRegion = en;
			hasScannedForEncodings = 0;
			knownRegions = (
				en,
				Base,
			);
			mainGroup = D1C9D0402E3F4F7400327A75;
			productRefGroup = D1C9D04A2E3F4F7400327A75 /* Products */;
			projectDirPath = "";
			projectRoot = "";
			targets = (
				D1C9D0482E3F4F7400327A75 /* RealTimeSportsOddsApp */,
				D1C9D05E2E3F4F7600327A75 /* RealTimeSportsOddsAppTests */,
				D1C9D0682E3F4F7600327A75 /* RealTimeSportsOddsAppUITests */,
			);
		};
/* End PBXProject section */

/* Begin PBXResourcesBuildPhase section */
		D1C9D0472E3F4F7400327A75 /* Resources */ = {
			isa = PBXResourcesBuildPhase;
			buildActionMask = 2147483647;
			files = (
				D1C9D0592E3F4F7500327A75 /* LaunchScreen.storyboard in Resources */,
				D1C9D0562E3F4F7500327A75 /* Assets.xcassets in Resources */,
				D1C9D0542E3F4F7400327A75 /* Main.storyboard in Resources */,
			);
			runOnlyForDeploymentPostprocessing = 0;
		};
		D1C9D05D2E3F4F7600327A75 /* Resources */ = {
			isa = PBXResourcesBuildPhase;
			buildActionMask = 2147483647;
			files = (
			);
			runOnlyForDeploymentPostprocessing = 0;
		};
		D1C9D0672E3F4F7600327A75 /* Resources */ = {
			isa = PBXResourcesBuildPhase;
			buildActionMask = 2147483647;
			files = (
			);
			runOnlyForDeploymentPostprocessing = 0;
		};
/* End PBXResourcesBuildPhase section */

/* Begin PBXSourcesBuildPhase section */
		D1C9D0452E3F4F7400327A75 /* Sources */ = {
			isa = PBXSourcesBuildPhase;
			buildActionMask = 2147483647;
			files = (
				D1C9D0832E3F4FDB00327A75 /* Odds.swift in Sources */,
				D1C9D0EC2E43A02700327A75 /* PerformanceMetrics.swift in Sources */,
				D1C9D09C2E3F520400327A75 /* GetOddsUseCase.swift in Sources */,
				D1C9D08D2E3F50CB00327A75 /* GetMatchesUseCaseProtocol.swift in Sources */,
				D1C9D04D2E3F4F7400327A75 /* AppDelegate.swift in Sources */,
				D1C9D0F12E43A30400327A75 /* BatchUpdateUseCaseProtocol.swift in Sources */,
				D1C9D0B02E3F54B300327A75 /* CacheServiceProtocol.swift in Sources */,
				D1C9D0AD2E3F535E00327A75 /* WebSocketDataSource.swift in Sources */,
				D1C9D0EE2E43A04600327A75 /* FPSMonitor.swift in Sources */,
				D1C9D04F2E3F4F7400327A75 /* SceneDelegate.swift in Sources */,
				D1C9D0802E3F4FC600327A75 /* Match.swift in Sources */,
				D1C9D0972E3F51CE00327A75 /* GetMatchesUseCase.swift in Sources */,
				D1C9D0912E3F50F100327A75 /* GetOddsUseCaseProtocol.swift in Sources */,
				D1C9D0B32E3F55BB00327A75 /* MockData.swift in Sources */,
				D1C9D0B62E3F572200327A75 /* CacheService.swift in Sources */,
				D1C9D0A32E3F529C00327A75 /* MatchRepository.swift in Sources */,
				D1C9D0D52E4247C600327A75 /* MatchListViewController.swift in Sources */,
				D1C9D0D12E40EC7E00327A75 /* MatchListViewModel.swift in Sources */,
				D1C9D0862E3F501700327A75 /* MatchWithOdds.swift in Sources */,
				D1C9D0D32E42479000327A75 /* MatchCell.swift in Sources */,
				D1C9D0892E3F50B100327A75 /* MatchRepositoryProtocol.swift in Sources */,
				D1C9D0F32E43A31F00327A75 /* BatchUpdateUseCase.swift in Sources */,
				D1C9D0A82E3F52D100327A75 /* MatchDataSourceProtocol.swift in Sources */,
			);
			runOnlyForDeploymentPostprocessing = 0;
		};
		D1C9D05B2E3F4F7600327A75 /* Sources */ = {
			isa = PBXSourcesBuildPhase;
			buildActionMask = 2147483647;
			files = (
				D1C9D0CC2E40B26F00327A75 /* GetOddsUseCaseTests.swift in Sources */,
				D1C9D0FE2E4422A300327A75 /* BatchUpdateUseCaseTests.swift in Sources */,
				D1C9D08E2E3F50CB00327A75 /* GetMatchesUseCaseProtocol.swift in Sources */,
				D1C9D0982E3F51CE00327A75 /* GetMatchesUseCase.swift in Sources */,
				D1DFAC382E442C8A00598C78 /* BatchUpdateUseCaseProtocol.swift in Sources */,
				D1C9D0BD2E40AD4A00327A75 /* MockMatchDataSourceTests.swift in Sources */,
				D1C9D0AE2E3F535E00327A75 /* WebSocketDataSource.swift in Sources */,
				D1C9D0842E3F4FDB00327A75 /* Odds.swift in Sources */,
				D1C9D0B12E3F54B300327A75 /* CacheServiceProtocol.swift in Sources */,
				D1C9D0872E3F501700327A75 /* MatchWithOdds.swift in Sources */,
				D1C9D0C92E40B1BD00327A75 /* GetMatchesUseCaseTests.swift in Sources */,
				D1C9D0642E3F4F7600327A75 /* RealTimeSportsOddsAppTests.swift in Sources */,
				D1C9D0922E3F50F100327A75 /* GetOddsUseCaseProtocol.swift in Sources */,
				D1C9D0812E3F4FC600327A75 /* Match.swift in Sources */,
				D1C9D0A42E3F529C00327A75 /* MatchRepository.swift in Sources */,
				D1C9D0A92E3F52D100327A75 /* MatchDataSourceProtocol.swift in Sources */,
				D1C9D0B42E3F55BB00327A75 /* MockData.swift in Sources */,
				D1C9D09D2E3F520400327A75 /* GetOddsUseCase.swift in Sources */,
				D1DFAC372E442C7700598C78 /* BatchUpdateUseCase.swift in Sources */,
				D1C9D08A2E3F50B100327A75 /* MatchRepositoryProtocol.swift in Sources */,
				D1C9D0C42E40B05900327A75 /* MatchRepositoryTests.swift in Sources */,
				D1C9D0BF2E40AF6E00327A75 /* CacheServiceTests.swift in Sources */,
				D1C9D0B72E3F572200327A75 /* CacheService.swift in Sources */,
			);
			runOnlyForDeploymentPostprocessing = 0;
		};
		D1C9D0652E3F4F7600327A75 /* Sources */ = {
			isa = PBXSourcesBuildPhase;
			buildActionMask = 2147483647;
			files = (
				D1C9D0702E3F4F7600327A75 /* RealTimeSportsOddsAppUITestsLaunchTests.swift in Sources */,
				D1C9D06E2E3F4F7600327A75 /* RealTimeSportsOddsAppUITests.swift in Sources */,
			);
			runOnlyForDeploymentPostprocessing = 0;
		};
/* End PBXSourcesBuildPhase section */

/* Begin PBXTargetDependency section */
		D1C9D0612E3F4F7600327A75 /* PBXTargetDependency */ = {
			isa = PBXTargetDependency;
			target = D1C9D0482E3F4F7400327A75 /* RealTimeSportsOddsApp */;
			targetProxy = D1C9D0602E3F4F7600327A75 /* PBXContainerItemProxy */;
		};
		D1C9D06B2E3F4F7600327A75 /* PBXTargetDependency */ = {
			isa = PBXTargetDependency;
			target = D1C9D0482E3F4F7400327A75 /* RealTimeSportsOddsApp */;
			targetProxy = D1C9D06A2E3F4F7600327A75 /* PBXContainerItemProxy */;
		};
/* End PBXTargetDependency section */

/* Begin PBXVariantGroup section */
		D1C9D0522E3F4F7400327A75 /* Main.storyboard */ = {
			isa = PBXVariantGroup;
			children = (
				D1C9D0532E3F4F7400327A75 /* Base */,
			);
			name = Main.storyboard;
			sourceTree = "<group>";
		};
		D1C9D0572E3F4F7500327A75 /* LaunchScreen.storyboard */ = {
			isa = PBXVariantGroup;
			children = (
				D1C9D0582E3F4F7500327A75 /* Base */,
			);
			name = LaunchScreen.storyboard;
			sourceTree = "<group>";
		};
/* End PBXVariantGroup section */

/* Begin XCBuildConfiguration section */
		D1C9D0712E3F4F7600327A75 /* Debug */ = {
			isa = XCBuildConfiguration;
			buildSettings = {
				ALWAYS_SEARCH_USER_PATHS = NO;
				ASSETCATALOG_COMPILER_GENERATE_SWIFT_ASSET_SYMBOL_EXTENSIONS = YES;
				CLANG_ANALYZER_NONNULL = YES;
				CLANG_ANALYZER_NUMBER_OBJECT_CONVERSION = YES_AGGRESSIVE;
				CLANG_CXX_LANGUAGE_STANDARD = "gnu++20";
				CLANG_ENABLE_MODULES = YES;
				CLANG_ENABLE_OBJC_ARC = YES;
				CLANG_ENABLE_OBJC_WEAK = YES;
				CLANG_WARN_BLOCK_CAPTURE_AUTORELEASING = YES;
				CLANG_WARN_BOOL_CONVERSION = YES;
				CLANG_WARN_COMMA = YES;
				CLANG_WARN_CONSTANT_CONVERSION = YES;
				CLANG_WARN_DEPRECATED_OBJC_IMPLEMENTATIONS = YES;
				CLANG_WARN_DIRECT_OBJC_ISA_USAGE = YES_ERROR;
				CLANG_WARN_DOCUMENTATION_COMMENTS = YES;
				CLANG_WARN_EMPTY_BODY = YES;
				CLANG_WARN_ENUM_CONVERSION = YES;
				CLANG_WARN_INFINITE_RECURSION = YES;
				CLANG_WARN_INT_CONVERSION = YES;
				CLANG_WARN_NON_LITERAL_NULL_CONVERSION = YES;
				CLANG_WARN_OBJC_IMPLICIT_RETAIN_SELF = YES;
				CLANG_WARN_OBJC_LITERAL_CONVERSION = YES;
				CLANG_WARN_OBJC_ROOT_CLASS = YES_ERROR;
				CLANG_WARN_QUOTED_INCLUDE_IN_FRAMEWORK_HEADER = YES;
				CLANG_WARN_RANGE_LOOP_ANALYSIS = YES;
				CLANG_WARN_STRICT_PROTOTYPES = YES;
				CLANG_WARN_SUSPICIOUS_MOVE = YES;
				CLANG_WARN_UNGUARDED_AVAILABILITY = YES_AGGRESSIVE;
				CLANG_WARN_UNREACHABLE_CODE = YES;
				CLANG_WARN__DUPLICATE_METHOD_MATCH = YES;
				COPY_PHASE_STRIP = NO;
				DEBUG_INFORMATION_FORMAT = dwarf;
				ENABLE_STRICT_OBJC_MSGSEND = YES;
				ENABLE_TESTABILITY = YES;
				ENABLE_USER_SCRIPT_SANDBOXING = YES;
				GCC_C_LANGUAGE_STANDARD = gnu17;
				GCC_DYNAMIC_NO_PIC = NO;
				GCC_NO_COMMON_BLOCKS = YES;
				GCC_OPTIMIZATION_LEVEL = 0;
				GCC_PREPROCESSOR_DEFINITIONS = (
					"DEBUG=1",
					"$(inherited)",
				);
				GCC_WARN_64_TO_32_BIT_CONVERSION = YES;
				GCC_WARN_ABOUT_RETURN_TYPE = YES_ERROR;
				GCC_WARN_UNDECLARED_SELECTOR = YES;
				GCC_WARN_UNINITIALIZED_AUTOS = YES_AGGRESSIVE;
				GCC_WARN_UNUSED_FUNCTION = YES;
				GCC_WARN_UNUSED_VARIABLE = YES;
				IPHONEOS_DEPLOYMENT_TARGET = 17.2;
				LOCALIZATION_PREFERS_STRING_CATALOGS = YES;
				MTL_ENABLE_DEBUG_INFO = INCLUDE_SOURCE;
				MTL_FAST_MATH = YES;
				ONLY_ACTIVE_ARCH = YES;
				SDKROOT = iphoneos;
				SWIFT_ACTIVE_COMPILATION_CONDITIONS = "DEBUG $(inherited)";
				SWIFT_OPTIMIZATION_LEVEL = "-Onone";
			};
			name = Debug;
		};
		D1C9D0722E3F4F7600327A75 /* Release */ = {
			isa = XCBuildConfiguration;
			buildSettings = {
				ALWAYS_SEARCH_USER_PATHS = NO;
				ASSETCATALOG_COMPILER_GENERATE_SWIFT_ASSET_SYMBOL_EXTENSIONS = YES;
				CLANG_ANALYZER_NONNULL = YES;
				CLANG_ANALYZER_NUMBER_OBJECT_CONVERSION = YES_AGGRESSIVE;
				CLANG_CXX_LANGUAGE_STANDARD = "gnu++20";
				CLANG_ENABLE_MODULES = YES;
				CLANG_ENABLE_OBJC_ARC = YES;
				CLANG_ENABLE_OBJC_WEAK = YES;
				CLANG_WARN_BLOCK_CAPTURE_AUTORELEASING = YES;
				CLANG_WARN_BOOL_CONVERSION = YES;
				CLANG_WARN_COMMA = YES;
				CLANG_WARN_CONSTANT_CONVERSION = YES;
				CLANG_WARN_DEPRECATED_OBJC_IMPLEMENTATIONS = YES;
				CLANG_WARN_DIRECT_OBJC_ISA_USAGE = YES_ERROR;
				CLANG_WARN_DOCUMENTATION_COMMENTS = YES;
				CLANG_WARN_EMPTY_BODY = YES;
				CLANG_WARN_ENUM_CONVERSION = YES;
				CLANG_WARN_INFINITE_RECURSION = YES;
				CLANG_WARN_INT_CONVERSION = YES;
				CLANG_WARN_NON_LITERAL_NULL_CONVERSION = YES;
				CLANG_WARN_OBJC_IMPLICIT_RETAIN_SELF = YES;
				CLANG_WARN_OBJC_LITERAL_CONVERSION = YES;
				CLANG_WARN_OBJC_ROOT_CLASS = YES_ERROR;
				CLANG_WARN_QUOTED_INCLUDE_IN_FRAMEWORK_HEADER = YES;
				CLANG_WARN_RANGE_LOOP_ANALYSIS = YES;
				CLANG_WARN_STRICT_PROTOTYPES = YES;
				CLANG_WARN_SUSPICIOUS_MOVE = YES;
				CLANG_WARN_UNGUARDED_AVAILABILITY = YES_AGGRESSIVE;
				CLANG_WARN_UNREACHABLE_CODE = YES;
				CLANG_WARN__DUPLICATE_METHOD_MATCH = YES;
				COPY_PHASE_STRIP = NO;
				DEBUG_INFORMATION_FORMAT = "dwarf-with-dsym";
				ENABLE_NS_ASSERTIONS = NO;
				ENABLE_STRICT_OBJC_MSGSEND = YES;
				ENABLE_USER_SCRIPT_SANDBOXING = YES;
				GCC_C_LANGUAGE_STANDARD = gnu17;
				GCC_NO_COMMON_BLOCKS = YES;
				GCC_WARN_64_TO_32_BIT_CONVERSION = YES;
				GCC_WARN_ABOUT_RETURN_TYPE = YES_ERROR;
				GCC_WARN_UNDECLARED_SELECTOR = YES;
				GCC_WARN_UNINITIALIZED_AUTOS = YES_AGGRESSIVE;
				GCC_WARN_UNUSED_FUNCTION = YES;
				GCC_WARN_UNUSED_VARIABLE = YES;
				IPHONEOS_DEPLOYMENT_TARGET = 17.2;
				LOCALIZATION_PREFERS_STRING_CATALOGS = YES;
				MTL_ENABLE_DEBUG_INFO = NO;
				MTL_FAST_MATH = YES;
				SDKROOT = iphoneos;
				SWIFT_COMPILATION_MODE = wholemodule;
				VALIDATE_PRODUCT = YES;
			};
			name = Release;
		};
		D1C9D0742E3F4F7600327A75 /* Debug */ = {
			isa = XCBuildConfiguration;
			buildSettings = {
				ASSETCATALOG_COMPILER_APPICON_NAME = AppIcon;
				ASSETCATALOG_COMPILER_GLOBAL_ACCENT_COLOR_NAME = AccentColor;
				CODE_SIGN_STYLE = Automatic;
				CURRENT_PROJECT_VERSION = 1;
				DEVELOPMENT_TEAM = WAGW44Z6JC;
				GENERATE_INFOPLIST_FILE = YES;
				INFOPLIST_FILE = RealTimeSportsOddsApp/Info.plist;
				INFOPLIST_KEY_UIApplicationSupportsIndirectInputEvents = YES;
				INFOPLIST_KEY_UILaunchStoryboardName = LaunchScreen;
				INFOPLIST_KEY_UIMainStoryboardFile = Main;
				INFOPLIST_KEY_UISupportedInterfaceOrientations_iPad = "UIInterfaceOrientationPortrait UIInterfaceOrientationPortraitUpsideDown UIInterfaceOrientationLandscapeLeft UIInterfaceOrientationLandscapeRight";
				INFOPLIST_KEY_UISupportedInterfaceOrientations_iPhone = "UIInterfaceOrientationPortrait UIInterfaceOrientationLandscapeLeft UIInterfaceOrientationLandscapeRight";
				LD_RUNPATH_SEARCH_PATHS = (
					"$(inherited)",
					"@executable_path/Frameworks",
				);
				MARKETING_VERSION = 1.0;
				PRODUCT_BUNDLE_IDENTIFIER = devlab.com.RealTimeSportsOddsApp;
				PRODUCT_NAME = "$(TARGET_NAME)";
				SWIFT_EMIT_LOC_STRINGS = YES;
				SWIFT_VERSION = 5.0;
				TARGETED_DEVICE_FAMILY = "1,2";
			};
			name = Debug;
		};
		D1C9D0752E3F4F7600327A75 /* Release */ = {
			isa = XCBuildConfiguration;
			buildSettings = {
				ASSETCATALOG_COMPILER_APPICON_NAME = AppIcon;
				ASSETCATALOG_COMPILER_GLOBAL_ACCENT_COLOR_NAME = AccentColor;
				CODE_SIGN_STYLE = Automatic;
				CURRENT_PROJECT_VERSION = 1;
				DEVELOPMENT_TEAM = WAGW44Z6JC;
				GENERATE_INFOPLIST_FILE = YES;
				INFOPLIST_FILE = RealTimeSportsOddsApp/Info.plist;
				INFOPLIST_KEY_UIApplicationSupportsIndirectInputEvents = YES;
				INFOPLIST_KEY_UILaunchStoryboardName = LaunchScreen;
				INFOPLIST_KEY_UIMainStoryboardFile = Main;
				INFOPLIST_KEY_UISupportedInterfaceOrientations_iPad = "UIInterfaceOrientationPortrait UIInterfaceOrientationPortraitUpsideDown UIInterfaceOrientationLandscapeLeft UIInterfaceOrientationLandscapeRight";
				INFOPLIST_KEY_UISupportedInterfaceOrientations_iPhone = "UIInterfaceOrientationPortrait UIInterfaceOrientationLandscapeLeft UIInterfaceOrientationLandscapeRight";
				LD_RUNPATH_SEARCH_PATHS = (
					"$(inherited)",
					"@executable_path/Frameworks",
				);
				MARKETING_VERSION = 1.0;
				PRODUCT_BUNDLE_IDENTIFIER = devlab.com.RealTimeSportsOddsApp;
				PRODUCT_NAME = "$(TARGET_NAME)";
				SWIFT_EMIT_LOC_STRINGS = YES;
				SWIFT_VERSION = 5.0;
				TARGETED_DEVICE_FAMILY = "1,2";
			};
			name = Release;
		};
		D1C9D0772E3F4F7600327A75 /* Debug */ = {
			isa = XCBuildConfiguration;
			buildSettings = {
				ALWAYS_EMBED_SWIFT_STANDARD_LIBRARIES = YES;
				BUNDLE_LOADER = "$(TEST_HOST)";
				CODE_SIGN_STYLE = Automatic;
				CURRENT_PROJECT_VERSION = 1;
				DEVELOPMENT_TEAM = WAGW44Z6JC;
				GENERATE_INFOPLIST_FILE = YES;
				IPHONEOS_DEPLOYMENT_TARGET = 17.2;
				MARKETING_VERSION = 1.0;
				PRODUCT_BUNDLE_IDENTIFIER = devlab.com.RealTimeSportsOddsAppTests;
				PRODUCT_NAME = "$(TARGET_NAME)";
				SWIFT_EMIT_LOC_STRINGS = NO;
				SWIFT_VERSION = 5.0;
				TARGETED_DEVICE_FAMILY = "1,2";
				TEST_HOST = "$(BUILT_PRODUCTS_DIR)/RealTimeSportsOddsApp.app/$(BUNDLE_EXECUTABLE_FOLDER_PATH)/RealTimeSportsOddsApp";
			};
			name = Debug;
		};
		D1C9D0782E3F4F7600327A75 /* Release */ = {
			isa = XCBuildConfiguration;
			buildSettings = {
				ALWAYS_EMBED_SWIFT_STANDARD_LIBRARIES = YES;
				BUNDLE_LOADER = "$(TEST_HOST)";
				CODE_SIGN_STYLE = Automatic;
				CURRENT_PROJECT_VERSION = 1;
				DEVELOPMENT_TEAM = WAGW44Z6JC;
				GENERATE_INFOPLIST_FILE = YES;
				IPHONEOS_DEPLOYMENT_TARGET = 17.2;
				MARKETING_VERSION = 1.0;
				PRODUCT_BUNDLE_IDENTIFIER = devlab.com.RealTimeSportsOddsAppTests;
				PRODUCT_NAME = "$(TARGET_NAME)";
				SWIFT_EMIT_LOC_STRINGS = NO;
				SWIFT_VERSION = 5.0;
				TARGETED_DEVICE_FAMILY = "1,2";
				TEST_HOST = "$(BUILT_PRODUCTS_DIR)/RealTimeSportsOddsApp.app/$(BUNDLE_EXECUTABLE_FOLDER_PATH)/RealTimeSportsOddsApp";
			};
			name = Release;
		};
		D1C9D07A2E3F4F7600327A75 /* Debug */ = {
			isa = XCBuildConfiguration;
			buildSettings = {
				ALWAYS_EMBED_SWIFT_STANDARD_LIBRARIES = YES;
				CODE_SIGN_STYLE = Automatic;
				CURRENT_PROJECT_VERSION = 1;
				DEVELOPMENT_TEAM = WAGW44Z6JC;
				GENERATE_INFOPLIST_FILE = YES;
				MARKETING_VERSION = 1.0;
				PRODUCT_BUNDLE_IDENTIFIER = devlab.com.RealTimeSportsOddsAppUITests;
				PRODUCT_NAME = "$(TARGET_NAME)";
				SWIFT_EMIT_LOC_STRINGS = NO;
				SWIFT_VERSION = 5.0;
				TARGETED_DEVICE_FAMILY = "1,2";
				TEST_TARGET_NAME = RealTimeSportsOddsApp;
			};
			name = Debug;
		};
		D1C9D07B2E3F4F7600327A75 /* Release */ = {
			isa = XCBuildConfiguration;
			buildSettings = {
				ALWAYS_EMBED_SWIFT_STANDARD_LIBRARIES = YES;
				CODE_SIGN_STYLE = Automatic;
				CURRENT_PROJECT_VERSION = 1;
				DEVELOPMENT_TEAM = WAGW44Z6JC;
				GENERATE_INFOPLIST_FILE = YES;
				MARKETING_VERSION = 1.0;
				PRODUCT_BUNDLE_IDENTIFIER = devlab.com.RealTimeSportsOddsAppUITests;
				PRODUCT_NAME = "$(TARGET_NAME)";
				SWIFT_EMIT_LOC_STRINGS = NO;
				SWIFT_VERSION = 5.0;
				TARGETED_DEVICE_FAMILY = "1,2";
				TEST_TARGET_NAME = RealTimeSportsOddsApp;
			};
			name = Release;
		};
/* End XCBuildConfiguration section */

/* Begin XCConfigurationList section */
		D1C9D0442E3F4F7400327A75 /* Build configuration list for PBXProject "RealTimeSportsOddsApp" */ = {
			isa = XCConfigurationList;
			buildConfigurations = (
				D1C9D0712E3F4F7600327A75 /* Debug */,
				D1C9D0722E3F4F7600327A75 /* Release */,
			);
			defaultConfigurationIsVisible = 0;
			defaultConfigurationName = Release;
		};
		D1C9D0732E3F4F7600327A75 /* Build configuration list for PBXNativeTarget "RealTimeSportsOddsApp" */ = {
			isa = XCConfigurationList;
			buildConfigurations = (
				D1C9D0742E3F4F7600327A75 /* Debug */,
				D1C9D0752E3F4F7600327A75 /* Release */,
			);
			defaultConfigurationIsVisible = 0;
			defaultConfigurationName = Release;
		};
		D1C9D0762E3F4F7600327A75 /* Build configuration list for PBXNativeTarget "RealTimeSportsOddsAppTests" */ = {
			isa = XCConfigurationList;
			buildConfigurations = (
				D1C9D0772E3F4F7600327A75 /* Debug */,
				D1C9D0782E3F4F7600327A75 /* Release */,
			);
			defaultConfigurationIsVisible = 0;
			defaultConfigurationName = Release;
		};
		D1C9D0792E3F4F7600327A75 /* Build configuration list for PBXNativeTarget "RealTimeSportsOddsAppUITests" */ = {
			isa = XCConfigurationList;
			buildConfigurations = (
				D1C9D07A2E3F4F7600327A75 /* Debug */,
				D1C9D07B2E3F4F7600327A75 /* Release */,
			);
			defaultConfigurationIsVisible = 0;
			defaultConfigurationName = Release;
		};
/* End XCConfigurationList section */
	};
	rootObject = D1C9D0412E3F4F7400327A75 /* Project object */;
}
